// !$*UTF8*$!
{
	archiveVersion = 1;
	classes = {
	};
	objectVersion = 46;
	objects = {

/* Begin PBXBuildFile section */
		45978D631CED7E6400BF3C0E /* main.m in Sources */ = {isa = PBXBuildFile; fileRef = 45978D621CED7E6400BF3C0E /* main.m */; };
		45978D661CED7E6400BF3C0E /* AppDelegate.m in Sources */ = {isa = PBXBuildFile; fileRef = 45978D651CED7E6400BF3C0E /* AppDelegate.m */; };
		45978D691CED7E6400BF3C0E /* ViewController.m in Sources */ = {isa = PBXBuildFile; fileRef = 45978D681CED7E6400BF3C0E /* ViewController.m */; };
		45978D6C1CED7E6400BF3C0E /* Main.storyboard in Resources */ = {isa = PBXBuildFile; fileRef = 45978D6A1CED7E6400BF3C0E /* Main.storyboard */; };
		45978D6E1CED7E6400BF3C0E /* Assets.xcassets in Resources */ = {isa = PBXBuildFile; fileRef = 45978D6D1CED7E6400BF3C0E /* Assets.xcassets */; };
		45978D711CED7E6400BF3C0E /* LaunchScreen.storyboard in Resources */ = {isa = PBXBuildFile; fileRef = 45978D6F1CED7E6400BF3C0E /* LaunchScreen.storyboard */; };
		45978D7C1CED7E6400BF3C0E /* firstTests.m in Sources */ = {isa = PBXBuildFile; fileRef = 45978D7B1CED7E6400BF3C0E /* firstTests.m */; };
		45978D871CED7E6400BF3C0E /* firstUITests.m in Sources */ = {isa = PBXBuildFile; fileRef = 45978D861CED7E6400BF3C0E /* firstUITests.m */; };
/* End PBXBuildFile section */

/* Begin PBXContainerItemProxy section */
		45978D781CED7E6400BF3C0E /* PBXContainerItemProxy */ = {
			isa = PBXContainerItemProxy;
			containerPortal = 45978D561CED7E6400BF3C0E /* Project object */;
			proxyType = 1;
			remoteGlobalIDString = 45978D5D1CED7E6400BF3C0E;
			remoteInfo = first;
		};
		45978D831CED7E6400BF3C0E /* PBXContainerItemProxy */ = {
			isa = PBXContainerItemProxy;
			containerPortal = 45978D561CED7E6400BF3C0E /* Project object */;
			proxyType = 1;
			remoteGlobalIDString = 45978D5D1CED7E6400BF3C0E;
			remoteInfo = first;
		};
/* End PBXContainerItemProxy section */

/* Begin PBXFileReference section */
		45978D5E1CED7E6400BF3C0E /* first.app */ = {isa = PBXFileReference; explicitFileType = wrapper.application; includeInIndex = 0; path = first.app; sourceTree = BUILT_PRODUCTS_DIR; };
		45978D621CED7E6400BF3C0E /* main.m */ = {isa = PBXFileReference; lastKnownFileType = sourcecode.c.objc; path = main.m; sourceTree = "<group>"; };
		45978D641CED7E6400BF3C0E /* AppDelegate.h */ = {isa = PBXFileReference; lastKnownFileType = sourcecode.c.h; path = AppDelegate.h; sourceTree = "<group>"; };
		45978D651CED7E6400BF3C0E /* AppDelegate.m */ = {isa = PBXFileReference; lastKnownFileType = sourcecode.c.objc; path = AppDelegate.m; sourceTree = "<group>"; };
		45978D671CED7E6400BF3C0E /* ViewController.h */ = {isa = PBXFileReference; lastKnownFileType = sourcecode.c.h; path = ViewController.h; sourceTree = "<group>"; };
		45978D681CED7E6400BF3C0E /* ViewController.m */ = {isa = PBXFileReference; lastKnownFileType = sourcecode.c.objc; path = ViewController.m; sourceTree = "<group>"; };
		45978D6B1CED7E6400BF3C0E /* Base */ = {isa = PBXFileReference; lastKnownFileType = file.storyboard; name = Base; path = Base.lproj/Main.storyboard; sourceTree = "<group>"; };
		45978D6D1CED7E6400BF3C0E /* Assets.xcassets */ = {isa = PBXFileReference; lastKnownFileType = folder.assetcatalog; path = Assets.xcassets; sourceTree = "<group>"; };
		45978D701CED7E6400BF3C0E /* Base */ = {isa = PBXFileReference; lastKnownFileType = file.storyboard; name = Base; path = Base.lproj/LaunchScreen.storyboard; sourceTree = "<group>"; };
		45978D721CED7E6400BF3C0E /* Info.plist */ = {isa = PBXFileReference; lastKnownFileType = text.plist.xml; path = Info.plist; sourceTree = "<group>"; };
		45978D771CED7E6400BF3C0E /* firstTests.xctest */ = {isa = PBXFileReference; explicitFileType = wrapper.cfbundle; includeInIndex = 0; path = firstTests.xctest; sourceTree = BUILT_PRODUCTS_DIR; };
		45978D7B1CED7E6400BF3C0E /* firstTests.m */ = {isa = PBXFileReference; lastKnownFileType = sourcecode.c.objc; path = firstTests.m; sourceTree = "<group>"; };
		45978D7D1CED7E6400BF3C0E /* Info.plist */ = {isa = PBXFileReference; lastKnownFileType = text.plist.xml; path = Info.plist; sourceTree = "<group>"; };
		45978D821CED7E6400BF3C0E /* firstUITests.xctest */ = {isa = PBXFileReference; explicitFileType = wrapper.cfbundle; includeInIndex = 0; path = firstUITests.xctest; sourceTree = BUILT_PRODUCTS_DIR; };
		45978D861CED7E6400BF3C0E /* firstUITests.m */ = {isa = PBXFileReference; lastKnownFileType = sourcecode.c.objc; path = firstUITests.m; sourceTree = "<group>"; };
		45978D881CED7E6400BF3C0E /* Info.plist */ = {isa = PBXFileReference; lastKnownFileType = text.plist.xml; path = Info.plist; sourceTree = "<group>"; };
/* End PBXFileReference section */

/* Begin PBXFrameworksBuildPhase section */
		45978D5B1CED7E6400BF3C0E /* Frameworks */ = {
			isa = PBXFrameworksBuildPhase;
			buildActionMask = 2147483647;
			files = (
			);
			runOnlyForDeploymentPostprocessing = 0;
		};
		45978D741CED7E6400BF3C0E /* Frameworks */ = {
			isa = PBXFrameworksBuildPhase;
			buildActionMask = 2147483647;
			files = (
			);
			runOnlyForDeploymentPostprocessing = 0;
		};
		45978D7F1CED7E6400BF3C0E /* Frameworks */ = {
			isa = PBXFrameworksBuildPhase;
			buildActionMask = 2147483647;
			files = (
			);
			runOnlyForDeploymentPostprocessing = 0;
		};
/* End PBXFrameworksBuildPhase section */

/* Begin PBXGroup section */
		45978D551CED7E6400BF3C0E = {
			isa = PBXGroup;
			children = (
				45978D601CED7E6400BF3C0E /* first */,
				45978D7A1CED7E6400BF3C0E /* firstTests */,
				45978D851CED7E6400BF3C0E /* firstUITests */,
				45978D5F1CED7E6400BF3C0E /* Products */,
			);
			sourceTree = "<group>";
		};
		45978D5F1CED7E6400BF3C0E /* Products */ = {
			isa = PBXGroup;
			children = (
				45978D5E1CED7E6400BF3C0E /* first.app */,
				45978D771CED7E6400BF3C0E /* firstTests.xctest */,
				45978D821CED7E6400BF3C0E /* firstUITests.xctest */,
			);
			name = Products;
			sourceTree = "<group>";
		};
		45978D601CED7E6400BF3C0E /* first */ = {
			isa = PBXGroup;
			children = (
				45978D641CED7E6400BF3C0E /* AppDelegate.h */,
				45978D651CED7E6400BF3C0E /* AppDelegate.m */,
				45978D671CED7E6400BF3C0E /* ViewController.h */,
				45978D681CED7E6400BF3C0E /* ViewController.m */,
				45978D6A1CED7E6400BF3C0E /* Main.storyboard */,
				45978D6D1CED7E6400BF3C0E /* Assets.xcassets */,
				45978D6F1CED7E6400BF3C0E /* LaunchScreen.storyboard */,
				45978D721CED7E6400BF3C0E /* Info.plist */,
				45978D611CED7E6400BF3C0E /* Supporting Files */,
			);
			path = first;
			sourceTree = "<group>";
		};
		45978D611CED7E6400BF3C0E /* Supporting Files */ = {
			isa = PBXGroup;
			children = (
				45978D621CED7E6400BF3C0E /* main.m */,
			);
			name = "Supporting Files";
			sourceTree = "<group>";
		};
		45978D7A1CED7E6400BF3C0E /* firstTests */ = {
			isa = PBXGroup;
			children = (
				45978D7B1CED7E6400BF3C0E /* firstTests.m */,
				45978D7D1CED7E6400BF3C0E /* Info.plist */,
			);
			path = firstTests;
			sourceTree = "<group>";
		};
		45978D851CED7E6400BF3C0E /* firstUITests */ = {
			isa = PBXGroup;
			children = (
				45978D861CED7E6400BF3C0E /* firstUITests.m */,
				45978D881CED7E6400BF3C0E /* Info.plist */,
			);
			path = firstUITests;
			sourceTree = "<group>";
		};
/* End PBXGroup section */

/* Begin PBXNativeTarget section */
		45978D5D1CED7E6400BF3C0E /* first */ = {
			isa = PBXNativeTarget;
			buildConfigurationList = 45978D8B1CED7E6400BF3C0E /* Build configuration list for PBXNativeTarget "first" */;
			buildPhases = (
				45978D5A1CED7E6400BF3C0E /* Sources */,
				45978D5B1CED7E6400BF3C0E /* Frameworks */,
				45978D5C1CED7E6400BF3C0E /* Resources */,
			);
			buildRules = (
			);
			dependencies = (
			);
			name = first;
			productName = first;
			productReference = 45978D5E1CED7E6400BF3C0E /* first.app */;
			productType = "com.apple.product-type.application";
		};
		45978D761CED7E6400BF3C0E /* firstTests */ = {
			isa = PBXNativeTarget;
			buildConfigurationList = 45978D8E1CED7E6400BF3C0E /* Build configuration list for PBXNativeTarget "firstTests" */;
			buildPhases = (
				45978D731CED7E6400BF3C0E /* Sources */,
				45978D741CED7E6400BF3C0E /* Frameworks */,
				45978D751CED7E6400BF3C0E /* Resources */,
			);
			buildRules = (
			);
			dependencies = (
				45978D791CED7E6400BF3C0E /* PBXTargetDependency */,
			);
			name = firstTests;
			productName = firstTests;
			productReference = 45978D771CED7E6400BF3C0E /* firstTests.xctest */;
			productType = "com.apple.product-type.bundle.unit-test";
		};
		45978D811CED7E6400BF3C0E /* firstUITests */ = {
			isa = PBXNativeTarget;
			buildConfigurationList = 45978D911CED7E6400BF3C0E /* Build configuration list for PBXNativeTarget "firstUITests" */;
			buildPhases = (
				45978D7E1CED7E6400BF3C0E /* Sources */,
				45978D7F1CED7E6400BF3C0E /* Frameworks */,
				45978D801CED7E6400BF3C0E /* Resources */,
			);
			buildRules = (
			);
			dependencies = (
				45978D841CED7E6400BF3C0E /* PBXTargetDependency */,
			);
			name = firstUITests;
			productName = firstUITests;
			productReference = 45978D821CED7E6400BF3C0E /* firstUITests.xctest */;
			productType = "com.apple.product-type.bundle.ui-testing";
		};
/* End PBXNativeTarget section */

/* Begin PBXProject section */
		45978D561CED7E6400BF3C0E /* Project object */ = {
			isa = PBXProject;
			attributes = {
				LastUpgradeCheck = 0710;
				ORGANIZATIONNAME = HS;
				TargetAttributes = {
					45978D5D1CED7E6400BF3C0E = {
						CreatedOnToolsVersion = 7.1;
					};
					45978D761CED7E6400BF3C0E = {
						CreatedOnToolsVersion = 7.1;
						TestTargetID = 45978D5D1CED7E6400BF3C0E;
					};
					45978D811CED7E6400BF3C0E = {
						CreatedOnToolsVersion = 7.1;
						TestTargetID = 45978D5D1CED7E6400BF3C0E;
					};
				};
			};
			buildConfigurationList = 45978D591CED7E6400BF3C0E /* Build configuration list for PBXProject "first" */;
			compatibilityVersion = "Xcode 3.2";
			developmentRegion = English;
			hasScannedForEncodings = 0;
			knownRegions = (
				en,
				Base,
			);
			mainGroup = 45978D551CED7E6400BF3C0E;
			productRefGroup = 45978D5F1CED7E6400BF3C0E /* Products */;
			projectDirPath = "";
			projectRoot = "";
			targets = (
				45978D5D1CED7E6400BF3C0E /* first */,
				45978D761CED7E6400BF3C0E /* firstTests */,
				45978D811CED7E6400BF3C0E /* firstUITests */,
			);
		};
/* End PBXProject section */

/* Begin PBXResourcesBuildPhase section */
		45978D5C1CED7E6400BF3C0E /* Resources */ = {
			isa = PBXResourcesBuildPhase;
			buildActionMask = 2147483647;
			files = (
				45978D711CED7E6400BF3C0E /* LaunchScreen.storyboard in Resources */,
				45978D6E1CED7E6400BF3C0E /* Assets.xcassets in Resources */,
				45978D6C1CED7E6400BF3C0E /* Main.storyboard in Resources */,
			);
			runOnlyForDeploymentPostprocessing = 0;
		};
		45978D751CED7E6400BF3C0E /* Resources */ = {
			isa = PBXResourcesBuildPhase;
			buildActionMask = 2147483647;
			files = (
			);
			runOnlyForDeploymentPostprocessing = 0;
		};
		45978D801CED7E6400BF3C0E /* Resources */ = {
			isa = PBXResourcesBuildPhase;
			buildActionMask = 2147483647;
			files = (
			);
			runOnlyForDeploymentPostprocessing = 0;
		};
/* End PBXResourcesBuildPhase section */

/* Begin PBXSourcesBuildPhase section */
		45978D5A1CED7E6400BF3C0E /* Sources */ = {
			isa = PBXSourcesBuildPhase;
			buildActionMask = 2147483647;
			files = (
				45978D691CED7E6400BF3C0E /* ViewController.m in Sources */,
				45978D661CED7E6400BF3C0E /* AppDelegate.m in Sources */,
				45978D631CED7E6400BF3C0E /* main.m in Sources */,
			);
			runOnlyForDeploymentPostprocessing = 0;
		};
		45978D731CED7E6400BF3C0E /* Sources */ = {
			isa = PBXSourcesBuildPhase;
			buildActionMask = 2147483647;
			files = (
				45978D7C1CED7E6400BF3C0E /* firstTests.m in Sources */,
			);
			runOnlyForDeploymentPostprocessing = 0;
		};
		45978D7E1CED7E6400BF3C0E /* Sources */ = {
			isa = PBXSourcesBuildPhase;
			buildActionMask = 2147483647;
			files = (
				45978D871CED7E6400BF3C0E /* firstUITests.m in Sources */,
			);
			runOnlyForDeploymentPostprocessing = 0;
		};
/* End PBXSourcesBuildPhase section */

/* Begin PBXTargetDependency section */
		45978D791CED7E6400BF3C0E /* PBXTargetDependency */ = {
			isa = PBXTargetDependency;
			target = 45978D5D1CED7E6400BF3C0E /* first */;
			targetProxy = 45978D781CED7E6400BF3C0E /* PBXContainerItemProxy */;
		};
		45978D841CED7E6400BF3C0E /* PBXTargetDependency */ = {
			isa = PBXTargetDependency;
			target = 45978D5D1CED7E6400BF3C0E /* first */;
			targetProxy = 45978D831CED7E6400BF3C0E /* PBXContainerItemProxy */;
		};
/* End PBXTargetDependency section */

/* Begin PBXVariantGroup section */
		45978D6A1CED7E6400BF3C0E /* Main.storyboard */ = {
			isa = PBXVariantGroup;
			children = (
				45978D6B1CED7E6400BF3C0E /* Base */,
			);
			name = Main.storyboard;
			sourceTree = "<group>";
		};
		45978D6F1CED7E6400BF3C0E /* LaunchScreen.storyboard */ = {
			isa = PBXVariantGroup;
			children = (
				45978D701CED7E6400BF3C0E /* Base */,
			);
			name = LaunchScreen.storyboard;
			sourceTree = "<group>";
		};
/* End PBXVariantGroup section */

/* Begin XCBuildConfiguration section */
		45978D891CED7E6400BF3C0E /* Debug */ = {
			isa = XCBuildConfiguration;
			buildSettings = {
				ALWAYS_SEARCH_USER_PATHS = NO;
				CLANG_CXX_LANGUAGE_STANDARD = "gnu++0x";
				CLANG_CXX_LIBRARY = "libc++";
				CLANG_ENABLE_MODULES = YES;
				CLANG_ENABLE_OBJC_ARC = YES;
				CLANG_WARN_BOOL_CONVERSION = YES;
				CLANG_WARN_CONSTANT_CONVERSION = YES;
				CLANG_WARN_DIRECT_OBJC_ISA_USAGE = YES_ERROR;
				CLANG_WARN_EMPTY_BODY = YES;
				CLANG_WARN_ENUM_CONVERSION = YES;
				CLANG_WARN_INT_CONVERSION = YES;
				CLANG_WARN_OBJC_ROOT_CLASS = YES_ERROR;
				CLANG_WARN_UNREACHABLE_CODE = YES;
				CLANG_WARN__DUPLICATE_METHOD_MATCH = YES;
				"CODE_SIGN_IDENTITY[sdk=iphoneos*]" = "iPhone Developer";
				COPY_PHASE_STRIP = NO;
				DEBUG_INFORMATION_FORMAT = dwarf;
				ENABLE_STRICT_OBJC_MSGSEND = YES;
				ENABLE_TESTABILITY = YES;
				GCC_C_LANGUAGE_STANDARD = gnu99;
				GCC_DYNAMIC_NO_PIC = NO;
				GCC_NO_COMMON_BLOCKS = YES;
				GCC_OPTIMIZATION_LEVEL = 0;
				GCC_PREPROCESSOR_DEFINITIONS = (
					"DEBUG=1",
					"$(inherited)",
				);
				GCC_WARN_64_TO_32_BIT_CONVERSION = YES;
				GCC_WARN_ABOUT_RETURN_TYPE = YES_ERROR;
				GCC_WARN_UNDECLARED_SELECTOR = YES;
				GCC_WARN_UNINITIALIZED_AUTOS = YES_AGGRESSIVE;
				GCC_WARN_UNUSED_FUNCTION = YES;
				GCC_WARN_UNUSED_VARIABLE = YES;
				IPHONEOS_DEPLOYMENT_TARGET = 9.1;
				MTL_ENABLE_DEBUG_INFO = YES;
				ONLY_ACTIVE_ARCH = YES;
				SDKROOT = iphoneos;
				TARGETED_DEVICE_FAMILY = "1,2";
			};
			name = Debug;
		};
		45978D8A1CED7E6400BF3C0E /* Release */ = {
			isa = XCBuildConfiguration;
			buildSettings = {
				ALWAYS_SEARCH_USER_PATHS = NO;
				CLANG_CXX_LANGUAGE_STANDARD = "gnu++0x";
				CLANG_CXX_LIBRARY = "libc++";
				CLANG_ENABLE_MODULES = YES;
				CLANG_ENABLE_OBJC_ARC = YES;
				CLANG_WARN_BOOL_CONVERSION = YES;
				CLANG_WARN_CONSTANT_CONVERSION = YES;
				CLANG_WARN_DIRECT_OBJC_ISA_USAGE = YES_ERROR;
				CLANG_WARN_EMPTY_BODY = YES;
				CLANG_WARN_ENUM_CONVERSION = YES;
				CLANG_WARN_INT_CONVERSION = YES;
				CLANG_WARN_OBJC_ROOT_CLASS = YES_ERROR;
				CLANG_WARN_UNREACHABLE_CODE = YES;
				CLANG_WARN__DUPLICATE_METHOD_MATCH = YES;
				"CODE_SIGN_IDENTITY[sdk=iphoneos*]" = "iPhone Developer";
				COPY_PHASE_STRIP = NO;
				DEBUG_INFORMATION_FORMAT = "dwarf-with-dsym";
				ENABLE_NS_ASSERTIONS = NO;
				ENABLE_STRICT_OBJC_MSGSEND = YES;
				GCC_C_LANGUAGE_STANDARD = gnu99;
				GCC_NO_COMMON_BLOCKS = YES;
				GCC_WARN_64_TO_32_BIT_CONVERSION = YES;
				GCC_WARN_ABOUT_RETURN_TYPE = YES_ERROR;
				GCC_WARN_UNDECLARED_SELECTOR = YES;
				GCC_WARN_UNINITIALIZED_AUTOS = YES_AGGRESSIVE;
				GCC_WARN_UNUSED_FUNCTION = YES;
				GCC_WARN_UNUSED_VARIABLE = YES;
				IPHONEOS_DEPLOYMENT_TARGET = 9.1;
				MTL_ENABLE_DEBUG_INFO = NO;
				SDKROOT = iphoneos;
				TARGETED_DEVICE_FAMILY = "1,2";
				VALIDATE_PRODUCT = YES;
			};
			name = Release;
		};
		45978D8C1CED7E6400BF3C0E /* Debug */ = {
			isa = XCBuildConfiguration;
			buildSettings = {
				ASSETCATALOG_COMPILER_APPICON_NAME = AppIcon;
				INFOPLIST_FILE = first/Info.plist;
				LD_RUNPATH_SEARCH_PATHS = "$(inherited) @executable_path/Frameworks";
				PRODUCT_BUNDLE_IDENTIFIER = hs.first;
				PRODUCT_NAME = "$(TARGET_NAME)";
			};
			name = Debug;
		};
		45978D8D1CED7E6400BF3C0E /* Release */ = {
			isa = XCBuildConfiguration;
			buildSettings = {
				ASSETCATALOG_COMPILER_APPICON_NAME = AppIcon;
				INFOPLIST_FILE = first/Info.plist;
				LD_RUNPATH_SEARCH_PATHS = "$(inherited) @executable_path/Frameworks";
				PRODUCT_BUNDLE_IDENTIFIER = hs.first;
				PRODUCT_NAME = "$(TARGET_NAME)";
			};
			name = Release;
		};
		45978D8F1CED7E6400BF3C0E /* Debug */ = {
			isa = XCBuildConfiguration;
			buildSettings = {
				BUNDLE_LOADER = "$(TEST_HOST)";
				INFOPLIST_FILE = firstTests/Info.plist;
				LD_RUNPATH_SEARCH_PATHS = "$(inherited) @executable_path/Frameworks @loader_path/Frameworks";
				PRODUCT_BUNDLE_IDENTIFIER = hs.firstTests;
				PRODUCT_NAME = "$(TARGET_NAME)";
				TEST_HOST = "$(BUILT_PRODUCTS_DIR)/first.app/first";
			};
			name = Debug;
		};
		45978D901CED7E6400BF3C0E /* Release */ = {
			isa = XCBuildConfiguration;
			buildSettings = {
				BUNDLE_LOADER = "$(TEST_HOST)";
				INFOPLIST_FILE = firstTests/Info.plist;
				LD_RUNPATH_SEARCH_PATHS = "$(inherited) @executable_path/Frameworks @loader_path/Frameworks";
				PRODUCT_BUNDLE_IDENTIFIER = hs.firstTests;
				PRODUCT_NAME = "$(TARGET_NAME)";
				TEST_HOST = "$(BUILT_PRODUCTS_DIR)/first.app/first";
			};
			name = Release;
		};
		45978D921CED7E6400BF3C0E /* Debug */ = {
			isa = XCBuildConfiguration;
			buildSettings = {
				INFOPLIST_FILE = firstUITests/Info.plist;
				LD_RUNPATH_SEARCH_PATHS = "$(inherited) @executable_path/Frameworks @loader_path/Frameworks";
				PRODUCT_BUNDLE_IDENTIFIER = hs.firstUITests;
				PRODUCT_NAME = "$(TARGET_NAME)";
				TEST_TARGET_NAME = first;
				USES_XCTRUNNER = YES;
			};
			name = Debug;
		};
		45978D931CED7E6400BF3C0E /* Release */ = {
			isa = XCBuildConfiguration;
			buildSettings = {
				INFOPLIST_FILE = firstUITests/Info.plist;
				LD_RUNPATH_SEARCH_PATHS = "$(inherited) @executable_path/Frameworks @loader_path/Frameworks";
				PRODUCT_BUNDLE_IDENTIFIER = hs.firstUITests;
				PRODUCT_NAME = "$(TARGET_NAME)";
				TEST_TARGET_NAME = first;
				USES_XCTRUNNER = YES;
			};
			name = Release;
		};
/* End XCBuildConfiguration section */

/* Begin XCConfigurationList section */
		45978D591CED7E6400BF3C0E /* Build configuration list for PBXProject "first" */ = {
			isa = XCConfigurationList;
			buildConfigurations = (
				45978D891CED7E6400BF3C0E /* Debug */,
				45978D8A1CED7E6400BF3C0E /* Release */,
			);
			defaultConfigurationIsVisible = 0;
			defaultConfigurationName = Release;
		};
		45978D8B1CED7E6400BF3C0E /* Build configuration list for PBXNativeTarget "first" */ = {
			isa = XCConfigurationList;
			buildConfigurations = (
				45978D8C1CED7E6400BF3C0E /* Debug */,
				45978D8D1CED7E6400BF3C0E /* Release */,
			);
			defaultConfigurationIsVisible = 0;
		};
		45978D8E1CED7E6400BF3C0E /* Build configuration list for PBXNativeTarget "firstTests" */ = {
			isa = XCConfigurationList;
			buildConfigurations = (
				45978D8F1CED7E6400BF3C0E /* Debug */,
				45978D901CED7E6400BF3C0E /* Release */,
			);
			defaultConfigurationIsVisible = 0;
		};
		45978D911CED7E6400BF3C0E /* Build configuration list for PBXNativeTarget "firstUITests" */ = {
			isa = XCConfigurationList;
			buildConfigurations = (
				45978D921CED7E6400BF3C0E /* Debug */,
				45978D931CED7E6400BF3C0E /* Release */,
			);
			defaultConfigurationIsVisible = 0;
		};
/* End XCConfigurationList section */
	};
	rootObject = 45978D561CED7E6400BF3C0E /* Project object */;
}
